<?xml version="1.0" encoding="utf-8"?>
<Project ToolsVersion="4.0" xmlns="http://schemas.microsoft.com/developer/msbuild/2003">
  <ItemGroup>
    <Filter Include="源文件">
      <UniqueIdentifier>{4FC737F1-C7A5-4376-A066-2A32D752A2FF}</UniqueIdentifier>
      <Extensions>cpp;c;cc;cxx;c++;cppm;ixx;def;odl;idl;hpj;bat;asm;asmx</Extensions>
    </Filter>
    <Filter Include="头文件">
      <UniqueIdentifier>{93995380-89BD-4b04-88EB-625FBE52EBFB}</UniqueIdentifier>
      <Extensions>h;hh;hpp;hxx;h++;hm;inl;inc;ipp;xsd</Extensions>
    </Filter>
    <Filter Include="资源文件">
      <UniqueIdentifier>{67DA6AB6-F800-4c08-8B7A-83BB121AAD01}</UniqueIdentifier>
      <Extensions>rc;ico;cur;bmp;dlg;rc2;rct;bin;rgs;gif;jpg;jpeg;jpe;resx;tiff;tif;png;wav;mfcribbon-ms</Extensions>
    </Filter>
  </ItemGroup>
  <ItemGroup>
    <ClInclude Include="src\utils\FileUtils.h">
      <Filter>头文件</Filter>
    </ClInclude>
    <ClInclude Include="src\utils\Timer.h">
      <Filter>头文件</Filter>
    </ClInclude>
    <ClInclude Include="src\graphics\shader.h">
      <Filter>头文件</Filter>
    </ClInclude>
    <ClInclude Include="src\graphics\Window.h">
      <Filter>头文件</Filter>
    </ClInclude>
    <ClInclude Include="src\graphics\camera\FPSCamera.h">
      <Filter>头文件</Filter>
    </ClInclude>
    <ClInclude Include="src\utils\Time.h">
      <Filter>头文件</Filter>
    </ClInclude>
    <ClInclude Include="src\utils\Logger.h">
      <Filter>头文件</Filter>
    </ClInclude>
    <ClInclude Include="src\graphics\mesh\Mesh.h">
      <Filter>头文件</Filter>
    </ClInclude>
    <ClInclude Include="src\graphics\mesh\Model.h">
      <Filter>头文件</Filter>
    </ClInclude>
    <ClInclude Include="dependencies\stb_image.h">
      <Filter>头文件</Filter>
    </ClInclude>
    <ClInclude Include="src\terrain\Terrain.h">
      <Filter>头文件</Filter>
    </ClInclude>
    <ClInclude Include="src\platform\OpenGL\Buffer.h">
      <Filter>头文件</Filter>
    </ClInclude>
    <ClInclude Include="src\platform\OpenGL\IndexBuffer.h">
      <Filter>头文件</Filter>
    </ClInclude>
    <ClInclude Include="src\platform\OpenGL\VertexArray.h">
      <Filter>头文件</Filter>
    </ClInclude>
    <ClInclude Include="src\utils\Singleton.h">
      <Filter>头文件</Filter>
    </ClInclude>
    <ClInclude Include="src\scene\Scene3D.h">
      <Filter>头文件</Filter>
    </ClInclude>
    <ClInclude Include="src\graphics\renderer\ModelRenderer.h">
      <Filter>头文件</Filter>
    </ClInclude>
    <ClInclude Include="src\graphics\Skybox.h">
      <Filter>头文件</Filter>
    </ClInclude>
    <ClInclude Include="src\Defs.h">
      <Filter>头文件</Filter>
    </ClInclude>
    <ClInclude Include="src\graphics\dynamic lights\DirectionalLight.h">
      <Filter>头文件</Filter>
    </ClInclude>
    <ClInclude Include="src\graphics\dynamic lights\DynamicLight.h">
      <Filter>头文件</Filter>
    </ClInclude>
    <ClInclude Include="src\graphics\dynamic lights\PointLight.h">
      <Filter>头文件</Filter>
    </ClInclude>
    <ClInclude Include="src\graphics\dynamic lights\SpotLight.h">
      <Filter>头文件</Filter>
    </ClInclude>
    <ClInclude Include="src\graphics\dynamic lights\DynamicLightManager.h">
      <Filter>头文件</Filter>
    </ClInclude>
    <ClInclude Include="src\graphics\mesh\Material.h">
      <Filter>头文件</Filter>
    </ClInclude>
    <ClInclude Include="src\graphics\renderer\GLCache.h">
      <Filter>头文件</Filter>
    </ClInclude>
    <ClInclude Include="src\graphics\mesh\common\Cube.h">
      <Filter>头文件</Filter>
    </ClInclude>
    <ClInclude Include="src\graphics\mesh\common\Quad.h">
      <Filter>头文件</Filter>
    </ClInclude>
    <ClInclude Include="src\graphics\mesh\common\Sphere.h">
      <Filter>头文件</Filter>
    </ClInclude>
    <ClInclude Include="src\utils\loaders\MeshLoader.h">
      <Filter>头文件</Filter>
    </ClInclude>
    <ClInclude Include="src\utils\loaders\TextureLoader.h">
      <Filter>头文件</Filter>
    </ClInclude>
    <ClInclude Include="src\graphics\texture\Texture.h">
      <Filter>头文件</Filter>
    </ClInclude>
    <ClInclude Include="src\graphics\texture\Cubemap.h">
      <Filter>头文件</Filter>
    </ClInclude>
    <ClInclude Include="src\graphics\renderer\renderpass\RenderPassType.h">
      <Filter>头文件</Filter>
    </ClInclude>
    <ClInclude Include="src\platform\OpenGL\Framebuffers\Framebuffer.h">
      <Filter>头文件</Filter>
    </ClInclude>
    <ClInclude Include="src\ui\Pane.h">
      <Filter>头文件</Filter>
    </ClInclude>
    <ClInclude Include="src\ui\RuntimePane.h">
      <Filter>头文件</Filter>
    </ClInclude>
    <ClInclude Include="src\ui\DebugPane.h">
      <Filter>头文件</Filter>
    </ClInclude>
    <ClInclude Include="src\graphics\ibl\LightProbe.h">
      <Filter>头文件</Filter>
    </ClInclude>
    <ClInclude Include="src\pch.h">
      <Filter>头文件</Filter>
    </ClInclude>
    <ClInclude Include="src\graphics\camera\CubemapCamera.h">
      <Filter>头文件</Filter>
    </ClInclude>
    <ClInclude Include="src\scene\RenderableModel.h">
      <Filter>头文件</Filter>
    </ClInclude>
    <ClInclude Include="src\input\InputManager.h">
      <Filter>头文件</Filter>
    </ClInclude>
    <ClInclude Include="src\input\JoystickManager.h">
      <Filter>头文件</Filter>
    </ClInclude>
    <ClInclude Include="src\graphics\renderer\MasterRenderer.h">
      <Filter>头文件</Filter>
    </ClInclude>
    <ClInclude Include="src\graphics\renderer\renderpass\forward\ForwardLightingPass.h">
      <Filter>头文件</Filter>
    </ClInclude>
    <ClInclude Include="src\graphics\renderer\renderpass\PostProcessPass.h">
      <Filter>头文件</Filter>
    </ClInclude>
    <ClInclude Include="src\graphics\renderer\renderpass\RenderPass.h">
      <Filter>头文件</Filter>
    </ClInclude>
    <ClInclude Include="src\graphics\renderer\renderpass\ShadowmapPass.h">
      <Filter>头文件</Filter>
    </ClInclude>
    <ClInclude Include="src\graphics\camera\ICamera.h">
      <Filter>头文件</Filter>
    </ClInclude>
    <ClInclude Include="src\utils\loaders\ShaderLoader.h">
      <Filter>头文件</Filter>
    </ClInclude>
    <ClInclude Include="src\graphics\ibl\ProbeManager.h">
      <Filter>头文件</Filter>
    </ClInclude>
    <ClInclude Include="src\graphics\renderer\renderpass\forward\ForwardProbePass.h">
      <Filter>头文件</Filter>
    </ClInclude>
    <ClInclude Include="src\graphics\ibl\ReflectionProbe.h">
      <Filter>头文件</Filter>
    </ClInclude>
    <ClInclude Include="src\graphics\renderer\renderpass\defferred\DeferredGeometryPass.h">
      <Filter>头文件</Filter>
    </ClInclude>
    <ClInclude Include="src\platform\OpenGL\Framebuffers\GBuffer.h">
      <Filter>头文件</Filter>
    </ClInclude>
  </ItemGroup>
  <ItemGroup>
    <ClCompile Include="src\graphics\shader.cpp">
      <Filter>源文件</Filter>
    </ClCompile>
    <ClCompile Include="src\graphics\Window.cpp">
      <Filter>源文件</Filter>
    </ClCompile>
    <ClCompile Include="src\graphics\camera\FPSCamera.cpp">
      <Filter>源文件</Filter>
    </ClCompile>
    <ClCompile Include="src\main.cpp">
      <Filter>源文件</Filter>
    </ClCompile>
    <ClCompile Include="src\utils\Time.cpp">
      <Filter>源文件</Filter>
    </ClCompile>
    <ClCompile Include="src\utils\FileUtils.cpp">
      <Filter>源文件</Filter>
    </ClCompile>
    <ClCompile Include="src\utils\Timer.cpp">
      <Filter>源文件</Filter>
    </ClCompile>
    <ClCompile Include="src\utils\Logger.cpp">
      <Filter>源文件</Filter>
    </ClCompile>
    <ClCompile Include="src\graphics\mesh\Mesh.cpp">
      <Filter>源文件</Filter>
    </ClCompile>
    <ClCompile Include="src\graphics\mesh\Model.cpp">
      <Filter>源文件</Filter>
    </ClCompile>
    <ClCompile Include="src\terrain\Terrain.cpp">
      <Filter>源文件</Filter>
    </ClCompile>
    <ClCompile Include="src\platform\OpenGL\Buffer.cpp">
      <Filter>源文件</Filter>
    </ClCompile>
    <ClCompile Include="src\platform\OpenGL\IndexBuffer.cpp">
      <Filter>源文件</Filter>
    </ClCompile>
    <ClCompile Include="src\platform\OpenGL\VertexArray.cpp">
      <Filter>源文件</Filter>
    </ClCompile>
    <ClCompile Include="src\scene\Scene3D.cpp">
      <Filter>源文件</Filter>
    </ClCompile>
    <ClCompile Include="src\graphics\renderer\ModelRenderer.cpp">
      <Filter>源文件</Filter>
    </ClCompile>
    <ClCompile Include="src\platform\OpenGL\Framebuffers\Framebuffer.cpp">
      <Filter>源文件</Filter>
    </ClCompile>
    <ClCompile Include="src\graphics\Skybox.cpp">
      <Filter>源文件</Filter>
    </ClCompile>
    <ClCompile Include="src\graphics\dynamic lights\DirectionalLight.cpp">
      <Filter>源文件</Filter>
    </ClCompile>
    <ClCompile Include="src\graphics\dynamic lights\DynamicLight.cpp">
      <Filter>源文件</Filter>
    </ClCompile>
    <ClCompile Include="src\graphics\dynamic lights\PointLight.cpp">
      <Filter>源文件</Filter>
    </ClCompile>
    <ClCompile Include="src\graphics\dynamic lights\SpotLight.cpp">
      <Filter>源文件</Filter>
    </ClCompile>
    <ClCompile Include="src\graphics\dynamic lights\DynamicLightManager.cpp">
      <Filter>源文件</Filter>
    </ClCompile>
    <ClCompile Include="src\graphics\mesh\Material.cpp">
      <Filter>源文件</Filter>
    </ClCompile>
    <ClCompile Include="src\graphics\renderer\GLCache.cpp">
      <Filter>源文件</Filter>
    </ClCompile>
    <ClCompile Include="src\graphics\mesh\common\Cube.cpp">
      <Filter>源文件</Filter>
    </ClCompile>
    <ClCompile Include="src\graphics\mesh\common\Quad.cpp">
      <Filter>源文件</Filter>
    </ClCompile>
    <ClCompile Include="src\graphics\mesh\common\Sphere.cpp">
      <Filter>源文件</Filter>
    </ClCompile>
    <ClCompile Include="src\utils\loaders\MeshLoader.cpp">
      <Filter>源文件</Filter>
    </ClCompile>
    <ClCompile Include="src\utils\loaders\TextureLoader.cpp">
      <Filter>源文件</Filter>
    </ClCompile>
    <ClCompile Include="src\graphics\texture\Texture.cpp">
      <Filter>源文件</Filter>
    </ClCompile>
    <ClCompile Include="src\graphics\texture\Cubemap.cpp">
      <Filter>源文件</Filter>
    </ClCompile>
    <ClCompile Include="src\ui\Pane.cpp">
      <Filter>源文件</Filter>
    </ClCompile>
    <ClCompile Include="src\ui\RuntimePane.cpp">
      <Filter>源文件</Filter>
    </ClCompile>
    <ClCompile Include="src\ui\DebugPane.cpp">
      <Filter>源文件</Filter>
    </ClCompile>
    <ClCompile Include="src\graphics\ibl\LightProbe.cpp">
      <Filter>源文件</Filter>
    </ClCompile>
    <ClCompile Include="src\pch.cpp">
      <Filter>源文件</Filter>
    </ClCompile>
    <ClCompile Include="src\graphics\camera\CubemapCamera.cpp">
      <Filter>源文件</Filter>
    </ClCompile>
    <ClCompile Include="src\scene\RenderableModel.cpp">
      <Filter>源文件</Filter>
    </ClCompile>
    <ClCompile Include="src\input\InputManager.cpp">
      <Filter>源文件</Filter>
    </ClCompile>
    <ClCompile Include="src\input\JoystickManager.cpp">
      <Filter>源文件</Filter>
    </ClCompile>
    <ClCompile Include="src\graphics\renderer\MasterRenderer.cpp">
      <Filter>源文件</Filter>
    </ClCompile>
    <ClCompile Include="src\graphics\renderer\renderpass\forward\ForwardLightingPass.cpp">
      <Filter>源文件</Filter>
    </ClCompile>
    <ClCompile Include="src\graphics\renderer\renderpass\PostProcessPass.cpp">
      <Filter>源文件</Filter>
    </ClCompile>
    <ClCompile Include="src\graphics\renderer\renderpass\RenderPass.cpp">
      <Filter>源文件</Filter>
    </ClCompile>
    <ClCompile Include="src\graphics\renderer\renderpass\ShadowmapPass.cpp">
      <Filter>源文件</Filter>
    </ClCompile>
    <ClCompile Include="src\utils\loaders\ShaderLoader.cpp">
      <Filter>源文件</Filter>
    </ClCompile>
    <ClCompile Include="src\graphics\ibl\ProbeManager.cpp">
      <Filter>源文件</Filter>
    </ClCompile>
    <ClCompile Include="src\graphics\renderer\renderpass\forward\ForwardProbePass.cpp">
      <Filter>源文件</Filter>
    </ClCompile>
    <ClCompile Include="src\graphics\ibl\ReflectionProbe.cpp">
      <Filter>源文件</Filter>
    </ClCompile>
    <ClCompile Include="src\graphics\renderer\renderpass\defferred\DeferredGeometryPass.cpp">
      <Filter>源文件</Filter>
    </ClCompile>
    <ClCompile Include="src\platform\OpenGL\Framebuffers\GBuffer.cpp">
      <Filter>源文件</Filter>
    </ClCompile>
  </ItemGroup>
  <ItemGroup>
    <None Include="src\shaders\terrain.glsl" />
    <None Include="src\shaders\post_process\gammaCorrect.glsl" />
    <None Include="src\shaders\skybox.glsl" />
    <None Include="src\shaders\shadowmap.glsl" />
    <None Include="src\shaders\pbr_model.glsl" />
    <None Include="src\shaders\lightprobe_convolution.glsl" />
    <None Include="src\shaders\reflectionprobe_importance_sampling.glsl" />
    <None Include="src\shaders\prebrdf.glsl" />
    <None Include="src\shaders\post_process\copy.glsl" />
    <None Include="src\shaders\post_process\fxaa.glsl" />
  </ItemGroup>
  <ItemGroup>
    <Image Include="res\awesomeface.png">
      <Filter>资源文件</Filter>
    </Image>
    <Image Include="res\container.jpg">
      <Filter>资源文件</Filter>
    </Image>
    <Image Include="res\container2.png">
      <Filter>资源文件</Filter>
    </Image>
    <Image Include="res\container2_specular.png">
      <Filter>资源文件</Filter>
    </Image>
    <Image Include="res\container2_emission.png">
      <Filter>资源文件</Filter>
    </Image>
    <Image Include="res\terrain\stone.png">
      <Filter>资源文件</Filter>
    </Image>
    <Image Include="res\terrain\sand.png">
      <Filter>资源文件</Filter>
    </Image>
    <Image Include="res\terrain\heightMap.png">
      <Filter>资源文件</Filter>
    </Image>
    <Image Include="res\terrain\grass.png">
      <Filter>资源文件</Filter>
    </Image>
    <Image Include="res\terrain\dirt.png">
      <Filter>资源文件</Filter>
    </Image>
    <Image Include="res\terrain\blendMap.png">
      <Filter>资源文件</Filter>
    </Image>
  </ItemGroup>
</Project>